{
  "version": 4,
  "terraform_version": "1.5.7",
  "serial": 14,
  "lineage": "c25abe7f-16d1-4171-4bda-db763d162b79",
  "outputs": {},
  "resources": [
    {
      "mode": "managed",
      "type": "aws_key_pair",
      "name": "deployer",
      "provider": "provider[\"registry.terraform.io/hashicorp/aws\"]",
      "instances": [
        {
          "schema_version": 1,
          "attributes": {
            "arn": "arn:aws:ec2:us-east-1:387132485759:key-pair/deployer-key",
            "fingerprint": "a3:54:db:b1:35:28:1d:1b:7a:cd:70:0b:ef:b9:fa:aa",
            "id": "deployer-key",
            "key_name": "deployer-key",
            "key_name_prefix": "",
            "key_pair_id": "key-0a0c7a95c7fadef0c",
            "key_type": "rsa",
            "public_key": "ssh-rsa AAAAB3NzaC1yc2EAAAADAQABAAABAQDcqHzAdWf5w/ZYc+F40d7844bDN96uNJ/y675174/wDPbDOLI5/1JDzGVHq6hHKPOwGzhQXLfEByhSsZWxEohsct+e529fBXiSebiaD/zNYMCEngc5f9nh/TIQ0dpFXDk7E1dWELTEZ9hTgQTtI45ubbfwB2PfHJMcWbb1cMvFic2IK0+5/RLlvp7DSfuO9fND5dB1Y65XU+iFmtjzaPrEZVqzCKVjd2wGSwbDY3CWVOgdAEzR/dOS9sBvnhpGMJGoH9RQD7jpLLRdIe/acutgU3OfsR8UoDHNC+KBOA2D46xXuwYVzLHYnKLKjuI/QExsUpzvIZyDDI4ZUed2dbrR thinkmachine@thinkingmachine",
            "tags": {},
            "tags_all": {}
          },
          "sensitive_attributes": [],
          "private": "eyJzY2hlbWFfdmVyc2lvbiI6IjEifQ=="
        }
      ]
    },
    {
      "mode": "managed",
      "type": "aws_security_group",
      "name": "web_sg",
      "provider": "provider[\"registry.terraform.io/hashicorp/aws\"]",
      "instances": [
        {
          "schema_version": 1,
          "attributes": {
            "arn": "arn:aws:ec2:us-east-1:387132485759:security-group/sg-0b11679b6541151d6",
            "description": "Allow HTTP and SSH",
            "egress": [
              {
                "cidr_blocks": [
                  "0.0.0.0/0"
                ],
                "description": "",
                "from_port": 0,
                "ipv6_cidr_blocks": [],
                "prefix_list_ids": [],
                "protocol": "-1",
                "security_groups": [],
                "self": false,
                "to_port": 0
              }
            ],
            "id": "sg-0b11679b6541151d6",
            "ingress": [
              {
                "cidr_blocks": [
                  "0.0.0.0/0"
                ],
                "description": "",
                "from_port": 22,
                "ipv6_cidr_blocks": [],
                "prefix_list_ids": [],
                "protocol": "tcp",
                "security_groups": [],
                "self": false,
                "to_port": 22
              },
              {
                "cidr_blocks": [
                  "0.0.0.0/0"
                ],
                "description": "",
                "from_port": 80,
                "ipv6_cidr_blocks": [],
                "prefix_list_ids": [],
                "protocol": "tcp",
                "security_groups": [],
                "self": false,
                "to_port": 80
              }
            ],
            "name": "web_sg",
            "name_prefix": "",
            "owner_id": "387132485759",
            "revoke_rules_on_delete": false,
            "tags": {},
            "tags_all": {},
            "timeouts": null,
            "vpc_id": "vpc-04f6be08f75a66108"
          },
          "sensitive_attributes": [],
          "private": "eyJlMmJmYjczMC1lY2FhLTExZTYtOGY4OC0zNDM2M2JjN2M0YzAiOnsiY3JlYXRlIjo2MDAwMDAwMDAwMDAsImRlbGV0ZSI6OTAwMDAwMDAwMDAwfSwic2NoZW1hX3ZlcnNpb24iOiIxIn0="
        }
      ]
    }
  ],
  "check_results": null
}
